// !$*UTF8*$!
{
	archiveVersion = 1;
	classes = {
	};
	objectVersion = 56;
	objects = {

/* Begin PBXBuildFile section */
		F5152B6E2ACD5421002E1D80 /* PhyDocApp.swift in Sources */ = {isa = PBXBuildFile; fileRef = F5152B6D2ACD5421002E1D80 /* PhyDocApp.swift */; };
		F5152B702ACD5421002E1D80 /* ContentView.swift in Sources */ = {isa = PBXBuildFile; fileRef = F5152B6F2ACD5421002E1D80 /* ContentView.swift */; };
		F5152B722ACD5423002E1D80 /* Assets.xcassets in Resources */ = {isa = PBXBuildFile; fileRef = F5152B712ACD5423002E1D80 /* Assets.xcassets */; };
		F5152B752ACD5423002E1D80 /* Preview Assets.xcassets in Resources */ = {isa = PBXBuildFile; fileRef = F5152B742ACD5423002E1D80 /* Preview Assets.xcassets */; };
		F5152B7C2ACD5696002E1D80 /* RegistrationView.swift in Sources */ = {isa = PBXBuildFile; fileRef = F5152B7B2ACD5696002E1D80 /* RegistrationView.swift */; };
		F5152B7E2ACD6693002E1D80 /* ChoosePatientView.swift in Sources */ = {isa = PBXBuildFile; fileRef = F5152B7D2ACD6693002E1D80 /* ChoosePatientView.swift */; };
		F5152B832ACD7372002E1D80 /* ProgressTabModifier.swift in Sources */ = {isa = PBXBuildFile; fileRef = F5152B822ACD7372002E1D80 /* ProgressTabModifier.swift */; };
		F5152B852ACD765B002E1D80 /* TextModifier.swift in Sources */ = {isa = PBXBuildFile; fileRef = F5152B842ACD765B002E1D80 /* TextModifier.swift */; };
		F5152B872ACD781D002E1D80 /* TextFieldModifier.swift in Sources */ = {isa = PBXBuildFile; fileRef = F5152B862ACD781D002E1D80 /* TextFieldModifier.swift */; };
		F52AA8FB2AD3F1E6009D64D3 /* ChooseTimeViewModel.swift in Sources */ = {isa = PBXBuildFile; fileRef = F52AA8FA2AD3F1E6009D64D3 /* ChooseTimeViewModel.swift */; };
		F53F7F8F2AD2C6B400AA3C98 /* ConfirmationView.swift in Sources */ = {isa = PBXBuildFile; fileRef = F53F7F8E2AD2C6B400AA3C98 /* ConfirmationView.swift */; };
		F53F7F912AD2C6FC00AA3C98 /* ChooseTimeView.swift in Sources */ = {isa = PBXBuildFile; fileRef = F53F7F902AD2C6FC00AA3C98 /* ChooseTimeView.swift */; };
		F53F7F932AD2CF0000AA3C98 /* SuccessView.swift in Sources */ = {isa = PBXBuildFile; fileRef = F53F7F922AD2CF0000AA3C98 /* SuccessView.swift */; };
		F53F7F952AD2D32D00AA3C98 /* AppointmentInformation.swift in Sources */ = {isa = PBXBuildFile; fileRef = F53F7F942AD2D32D00AA3C98 /* AppointmentInformation.swift */; };
		F5B08B342AD18129006A4351 /* TimeCell.swift in Sources */ = {isa = PBXBuildFile; fileRef = F5B08B332AD18129006A4351 /* TimeCell.swift */; };
		F5B08B372AD181A7006A4351 /* Time.swift in Sources */ = {isa = PBXBuildFile; fileRef = F5B08B362AD181A7006A4351 /* Time.swift */; };
		F5B08B3A2AD1829A006A4351 /* TimeGridView.swift in Sources */ = {isa = PBXBuildFile; fileRef = F5B08B392AD1829A006A4351 /* TimeGridView.swift */; };
/* End PBXBuildFile section */

/* Begin PBXFileReference section */
		F5152B6A2ACD5421002E1D80 /* PhyDoc.app */ = {isa = PBXFileReference; explicitFileType = wrapper.application; includeInIndex = 0; path = PhyDoc.app; sourceTree = BUILT_PRODUCTS_DIR; };
		F5152B6D2ACD5421002E1D80 /* PhyDocApp.swift */ = {isa = PBXFileReference; lastKnownFileType = sourcecode.swift; path = PhyDocApp.swift; sourceTree = "<group>"; };
		F5152B6F2ACD5421002E1D80 /* ContentView.swift */ = {isa = PBXFileReference; lastKnownFileType = sourcecode.swift; path = ContentView.swift; sourceTree = "<group>"; };
		F5152B712ACD5423002E1D80 /* Assets.xcassets */ = {isa = PBXFileReference; lastKnownFileType = folder.assetcatalog; path = Assets.xcassets; sourceTree = "<group>"; };
		F5152B742ACD5423002E1D80 /* Preview Assets.xcassets */ = {isa = PBXFileReference; lastKnownFileType = folder.assetcatalog; path = "Preview Assets.xcassets"; sourceTree = "<group>"; };
		F5152B7B2ACD5696002E1D80 /* RegistrationView.swift */ = {isa = PBXFileReference; lastKnownFileType = sourcecode.swift; path = RegistrationView.swift; sourceTree = "<group>"; };
		F5152B7D2ACD6693002E1D80 /* ChoosePatientView.swift */ = {isa = PBXFileReference; lastKnownFileType = sourcecode.swift; path = ChoosePatientView.swift; sourceTree = "<group>"; };
		F5152B822ACD7372002E1D80 /* ProgressTabModifier.swift */ = {isa = PBXFileReference; lastKnownFileType = sourcecode.swift; path = ProgressTabModifier.swift; sourceTree = "<group>"; };
		F5152B842ACD765B002E1D80 /* TextModifier.swift */ = {isa = PBXFileReference; lastKnownFileType = sourcecode.swift; path = TextModifier.swift; sourceTree = "<group>"; };
		F5152B862ACD781D002E1D80 /* TextFieldModifier.swift */ = {isa = PBXFileReference; lastKnownFileType = sourcecode.swift; path = TextFieldModifier.swift; sourceTree = "<group>"; };
		F52AA8FA2AD3F1E6009D64D3 /* ChooseTimeViewModel.swift */ = {isa = PBXFileReference; lastKnownFileType = sourcecode.swift; path = ChooseTimeViewModel.swift; sourceTree = "<group>"; };
		F53F7F8E2AD2C6B400AA3C98 /* ConfirmationView.swift */ = {isa = PBXFileReference; lastKnownFileType = sourcecode.swift; path = ConfirmationView.swift; sourceTree = "<group>"; };
		F53F7F902AD2C6FC00AA3C98 /* ChooseTimeView.swift */ = {isa = PBXFileReference; fileEncoding = 4; lastKnownFileType = sourcecode.swift; path = ChooseTimeView.swift; sourceTree = "<group>"; };
		F53F7F922AD2CF0000AA3C98 /* SuccessView.swift */ = {isa = PBXFileReference; lastKnownFileType = sourcecode.swift; path = SuccessView.swift; sourceTree = "<group>"; };
		F53F7F942AD2D32D00AA3C98 /* AppointmentInformation.swift */ = {isa = PBXFileReference; lastKnownFileType = sourcecode.swift; path = AppointmentInformation.swift; sourceTree = "<group>"; };
		F5B08B332AD18129006A4351 /* TimeCell.swift */ = {isa = PBXFileReference; lastKnownFileType = sourcecode.swift; path = TimeCell.swift; sourceTree = "<group>"; };
		F5B08B362AD181A7006A4351 /* Time.swift */ = {isa = PBXFileReference; lastKnownFileType = sourcecode.swift; path = Time.swift; sourceTree = "<group>"; };
		F5B08B392AD1829A006A4351 /* TimeGridView.swift */ = {isa = PBXFileReference; lastKnownFileType = sourcecode.swift; path = TimeGridView.swift; sourceTree = "<group>"; };
/* End PBXFileReference section */

/* Begin PBXFrameworksBuildPhase section */
		F5152B672ACD5421002E1D80 /* Frameworks */ = {
			isa = PBXFrameworksBuildPhase;
			buildActionMask = 2147483647;
			files = (
			);
			runOnlyForDeploymentPostprocessing = 0;
		};
/* End PBXFrameworksBuildPhase section */

/* Begin PBXGroup section */
		F5152B612ACD5421002E1D80 = {
			isa = PBXGroup;
			children = (
				F5152B6C2ACD5421002E1D80 /* PhyDoc */,
				F5152B6B2ACD5421002E1D80 /* Products */,
			);
			sourceTree = "<group>";
		};
		F5152B6B2ACD5421002E1D80 /* Products */ = {
			isa = PBXGroup;
			children = (
				F5152B6A2ACD5421002E1D80 /* PhyDoc.app */,
			);
			name = Products;
			sourceTree = "<group>";
		};
		F5152B6C2ACD5421002E1D80 /* PhyDoc */ = {
			isa = PBXGroup;
			children = (
				F5152B6D2ACD5421002E1D80 /* PhyDocApp.swift */,
				F5B08B352AD181A2006A4351 /* Model */,
				F5152B812ACD7342002E1D80 /* ViewModifiers */,
				F5152B6F2ACD5421002E1D80 /* ContentView.swift */,
				F5152B7B2ACD5696002E1D80 /* RegistrationView.swift */,
				F5152B7D2ACD6693002E1D80 /* ChoosePatientView.swift */,
				F53F7F902AD2C6FC00AA3C98 /* ChooseTimeView.swift */,
				F53F7F8E2AD2C6B400AA3C98 /* ConfirmationView.swift */,
				F53F7F922AD2CF0000AA3C98 /* SuccessView.swift */,
				F5152B712ACD5423002E1D80 /* Assets.xcassets */,
				F5152B732ACD5423002E1D80 /* Preview Content */,
			);
			path = PhyDoc;
			sourceTree = "<group>";
		};
		F5152B732ACD5423002E1D80 /* Preview Content */ = {
			isa = PBXGroup;
			children = (
				F5152B742ACD5423002E1D80 /* Preview Assets.xcassets */,
			);
			path = "Preview Content";
			sourceTree = "<group>";
		};
		F5152B812ACD7342002E1D80 /* ViewModifiers */ = {
			isa = PBXGroup;
			children = (
				F5152B822ACD7372002E1D80 /* ProgressTabModifier.swift */,
				F5152B842ACD765B002E1D80 /* TextModifier.swift */,
				F5152B862ACD781D002E1D80 /* TextFieldModifier.swift */,
				F5B08B332AD18129006A4351 /* TimeCell.swift */,
				F5B08B392AD1829A006A4351 /* TimeGridView.swift */,
			);
			path = ViewModifiers;
			sourceTree = "<group>";
		};
		F5B08B352AD181A2006A4351 /* Model */ = {
			isa = PBXGroup;
			children = (
				F5B08B362AD181A7006A4351 /* Time.swift */,
				F53F7F942AD2D32D00AA3C98 /* AppointmentInformation.swift */,
				F52AA8FA2AD3F1E6009D64D3 /* ChooseTimeViewModel.swift */,
			);
			path = Model;
			sourceTree = "<group>";
		};
/* End PBXGroup section */

/* Begin PBXNativeTarget section */
		F5152B692ACD5421002E1D80 /* PhyDoc */ = {
			isa = PBXNativeTarget;
			buildConfigurationList = F5152B782ACD5423002E1D80 /* Build configuration list for PBXNativeTarget "PhyDoc" */;
			buildPhases = (
				F5152B662ACD5421002E1D80 /* Sources */,
				F5152B672ACD5421002E1D80 /* Frameworks */,
				F5152B682ACD5421002E1D80 /* Resources */,
			);
			buildRules = (
			);
			dependencies = (
			);
			name = PhyDoc;
			productName = PhyDoc;
			productReference = F5152B6A2ACD5421002E1D80 /* PhyDoc.app */;
			productType = "com.apple.product-type.application";
		};
/* End PBXNativeTarget section */

/* Begin PBXProject section */
		F5152B622ACD5421002E1D80 /* Project object */ = {
			isa = PBXProject;
			attributes = {
				BuildIndependentTargetsInParallel = 1;
				LastSwiftUpdateCheck = 1430;
				LastUpgradeCheck = 1430;
				TargetAttributes = {
					F5152B692ACD5421002E1D80 = {
						CreatedOnToolsVersion = 14.3.1;
					};
				};
			};
			buildConfigurationList = F5152B652ACD5421002E1D80 /* Build configuration list for PBXProject "PhyDoc" */;
			compatibilityVersion = "Xcode 14.0";
			developmentRegion = en;
			hasScannedForEncodings = 0;
			knownRegions = (
				en,
				Base,
			);
			mainGroup = F5152B612ACD5421002E1D80;
			productRefGroup = F5152B6B2ACD5421002E1D80 /* Products */;
			projectDirPath = "";
			projectRoot = "";
			targets = (
				F5152B692ACD5421002E1D80 /* PhyDoc */,
			);
		};
/* End PBXProject section */

/* Begin PBXResourcesBuildPhase section */
		F5152B682ACD5421002E1D80 /* Resources */ = {
			isa = PBXResourcesBuildPhase;
			buildActionMask = 2147483647;
			files = (
				F5152B752ACD5423002E1D80 /* Preview Assets.xcassets in Resources */,
				F5152B722ACD5423002E1D80 /* Assets.xcassets in Resources */,
			);
			runOnlyForDeploymentPostprocessing = 0;
		};
/* End PBXResourcesBuildPhase section */

/* Begin PBXSourcesBuildPhase section */
		F5152B662ACD5421002E1D80 /* Sources */ = {
			isa = PBXSourcesBuildPhase;
			buildActionMask = 2147483647;
			files = (
				F53F7F8F2AD2C6B400AA3C98 /* ConfirmationView.swift in Sources */,
				F5152B7C2ACD5696002E1D80 /* RegistrationView.swift in Sources */,
				F52AA8FB2AD3F1E6009D64D3 /* ChooseTimeViewModel.swift in Sources */,
				F53F7F912AD2C6FC00AA3C98 /* ChooseTimeView.swift in Sources */,
				F5152B832ACD7372002E1D80 /* ProgressTabModifier.swift in Sources */,
				F53F7F932AD2CF0000AA3C98 /* SuccessView.swift in Sources */,
				F5B08B372AD181A7006A4351 /* Time.swift in Sources */,
				F5152B872ACD781D002E1D80 /* TextFieldModifier.swift in Sources */,
				F5B08B3A2AD1829A006A4351 /* TimeGridView.swift in Sources */,
				F5B08B342AD18129006A4351 /* TimeCell.swift in Sources */,
				F5152B702ACD5421002E1D80 /* ContentView.swift in Sources */,
				F53F7F952AD2D32D00AA3C98 /* AppointmentInformation.swift in Sources */,
				F5152B6E2ACD5421002E1D80 /* PhyDocApp.swift in Sources */,
				F5152B852ACD765B002E1D80 /* TextModifier.swift in Sources */,
				F5152B7E2ACD6693002E1D80 /* ChoosePatientView.swift in Sources */,
			);
			runOnlyForDeploymentPostprocessing = 0;
		};
/* End PBXSourcesBuildPhase section */

/* Begin XCBuildConfiguration section */
		F5152B762ACD5423002E1D80 /* Debug */ = {
			isa = XCBuildConfiguration;
			buildSettings = {
				ALWAYS_SEARCH_USER_PATHS = NO;
				CLANG_ANALYZER_NONNULL = YES;
				CLANG_ANALYZER_NUMBER_OBJECT_CONVERSION = YES_AGGRESSIVE;
				CLANG_CXX_LANGUAGE_STANDARD = "gnu++20";
				CLANG_ENABLE_MODULES = YES;
				CLANG_ENABLE_OBJC_ARC = YES;
				CLANG_ENABLE_OBJC_WEAK = YES;
				CLANG_WARN_BLOCK_CAPTURE_AUTORELEASING = YES;
				CLANG_WARN_BOOL_CONVERSION = YES;
				CLANG_WARN_COMMA = YES;
				CLANG_WARN_CONSTANT_CONVERSION = YES;
				CLANG_WARN_DEPRECATED_OBJC_IMPLEMENTATIONS = YES;
				CLANG_WARN_DIRECT_OBJC_ISA_USAGE = YES_ERROR;
				CLANG_WARN_DOCUMENTATION_COMMENTS = YES;
				CLANG_WARN_EMPTY_BODY = YES;
				CLANG_WARN_ENUM_CONVERSION = YES;
				CLANG_WARN_INFINITE_RECURSION = YES;
				CLANG_WARN_INT_CONVERSION = YES;
				CLANG_WARN_NON_LITERAL_NULL_CONVERSION = YES;
				CLANG_WARN_OBJC_IMPLICIT_RETAIN_SELF = YES;
				CLANG_WARN_OBJC_LITERAL_CONVERSION = YES;
				CLANG_WARN_OBJC_ROOT_CLASS = YES_ERROR;
				CLANG_WARN_QUOTED_INCLUDE_IN_FRAMEWORK_HEADER = YES;
				CLANG_WARN_RANGE_LOOP_ANALYSIS = YES;
				CLANG_WARN_STRICT_PROTOTYPES = YES;
				CLANG_WARN_SUSPICIOUS_MOVE = YES;
				CLANG_WARN_UNGUARDED_AVAILABILITY = YES_AGGRESSIVE;
				CLANG_WARN_UNREACHABLE_CODE = YES;
				CLANG_WARN__DUPLICATE_METHOD_MATCH = YES;
				COPY_PHASE_STRIP = NO;
				DEBUG_INFORMATION_FORMAT = dwarf;
				ENABLE_STRICT_OBJC_MSGSEND = YES;
				ENABLE_TESTABILITY = YES;
				GCC_C_LANGUAGE_STANDARD = gnu11;
				GCC_DYNAMIC_NO_PIC = NO;
				GCC_NO_COMMON_BLOCKS = YES;
				GCC_OPTIMIZATION_LEVEL = 0;
				GCC_PREPROCESSOR_DEFINITIONS = (
					"DEBUG=1",
					"$(inherited)",
				);
				GCC_WARN_64_TO_32_BIT_CONVERSION = YES;
				GCC_WARN_ABOUT_RETURN_TYPE = YES_ERROR;
				GCC_WARN_UNDECLARED_SELECTOR = YES;
				GCC_WARN_UNINITIALIZED_AUTOS = YES_AGGRESSIVE;
				GCC_WARN_UNUSED_FUNCTION = YES;
				GCC_WARN_UNUSED_VARIABLE = YES;
				IPHONEOS_DEPLOYMENT_TARGET = 16.4;
				MTL_ENABLE_DEBUG_INFO = INCLUDE_SOURCE;
				MTL_FAST_MATH = YES;
				ONLY_ACTIVE_ARCH = YES;
				SDKROOT = iphoneos;
				SWIFT_ACTIVE_COMPILATION_CONDITIONS = DEBUG;
				SWIFT_OPTIMIZATION_LEVEL = "-Onone";
			};
			name = Debug;
		};
		F5152B772ACD5423002E1D80 /* Release */ = {
			isa = XCBuildConfiguration;
			buildSettings = {
				ALWAYS_SEARCH_USER_PATHS = NO;
				CLANG_ANALYZER_NONNULL = YES;
				CLANG_ANALYZER_NUMBER_OBJECT_CONVERSION = YES_AGGRESSIVE;
				CLANG_CXX_LANGUAGE_STANDARD = "gnu++20";
				CLANG_ENABLE_MODULES = YES;
				CLANG_ENABLE_OBJC_ARC = YES;
				CLANG_ENABLE_OBJC_WEAK = YES;
				CLANG_WARN_BLOCK_CAPTURE_AUTORELEASING = YES;
				CLANG_WARN_BOOL_CONVERSION = YES;
				CLANG_WARN_COMMA = YES;
				CLANG_WARN_CONSTANT_CONVERSION = YES;
				CLANG_WARN_DEPRECATED_OBJC_IMPLEMENTATIONS = YES;
				CLANG_WARN_DIRECT_OBJC_ISA_USAGE = YES_ERROR;
				CLANG_WARN_DOCUMENTATION_COMMENTS = YES;
				CLANG_WARN_EMPTY_BODY = YES;
				CLANG_WARN_ENUM_CONVERSION = YES;
				CLANG_WARN_INFINITE_RECURSION = YES;
				CLANG_WARN_INT_CONVERSION = YES;
				CLANG_WARN_NON_LITERAL_NULL_CONVERSION = YES;
				CLANG_WARN_OBJC_IMPLICIT_RETAIN_SELF = YES;
				CLANG_WARN_OBJC_LITERAL_CONVERSION = YES;
				CLANG_WARN_OBJC_ROOT_CLASS = YES_ERROR;
				CLANG_WARN_QUOTED_INCLUDE_IN_FRAMEWORK_HEADER = YES;
				CLANG_WARN_RANGE_LOOP_ANALYSIS = YES;
				CLANG_WARN_STRICT_PROTOTYPES = YES;
				CLANG_WARN_SUSPICIOUS_MOVE = YES;
				CLANG_WARN_UNGUARDED_AVAILABILITY = YES_AGGRESSIVE;
				CLANG_WARN_UNREACHABLE_CODE = YES;
				CLANG_WARN__DUPLICATE_METHOD_MATCH = YES;
				COPY_PHASE_STRIP = NO;
				DEBUG_INFORMATION_FORMAT = "dwarf-with-dsym";
				ENABLE_NS_ASSERTIONS = NO;
				ENABLE_STRICT_OBJC_MSGSEND = YES;
				GCC_C_LANGUAGE_STANDARD = gnu11;
				GCC_NO_COMMON_BLOCKS = YES;
				GCC_WARN_64_TO_32_BIT_CONVERSION = YES;
				GCC_WARN_ABOUT_RETURN_TYPE = YES_ERROR;
				GCC_WARN_UNDECLARED_SELECTOR = YES;
				GCC_WARN_UNINITIALIZED_AUTOS = YES_AGGRESSIVE;
				GCC_WARN_UNUSED_FUNCTION = YES;
				GCC_WARN_UNUSED_VARIABLE = YES;
				IPHONEOS_DEPLOYMENT_TARGET = 16.4;
				MTL_ENABLE_DEBUG_INFO = NO;
				MTL_FAST_MATH = YES;
				SDKROOT = iphoneos;
				SWIFT_COMPILATION_MODE = wholemodule;
				SWIFT_OPTIMIZATION_LEVEL = "-O";
				VALIDATE_PRODUCT = YES;
			};
			name = Release;
		};
		F5152B792ACD5423002E1D80 /* Debug */ = {
			isa = XCBuildConfiguration;
			buildSettings = {
				ASSETCATALOG_COMPILER_APPICON_NAME = AppIcon;
				ASSETCATALOG_COMPILER_GLOBAL_ACCENT_COLOR_NAME = AccentColor;
				CODE_SIGN_STYLE = Automatic;
				CURRENT_PROJECT_VERSION = 1;
				DEVELOPMENT_ASSET_PATHS = "\"PhyDoc/Preview Content\"";
				ENABLE_PREVIEWS = YES;
				GENERATE_INFOPLIST_FILE = YES;
				INFOPLIST_KEY_UIApplicationSceneManifest_Generation = YES;
				INFOPLIST_KEY_UIApplicationSupportsIndirectInputEvents = YES;
				INFOPLIST_KEY_UILaunchScreen_Generation = YES;
				INFOPLIST_KEY_UISupportedInterfaceOrientations_iPad = "UIInterfaceOrientationPortrait UIInterfaceOrientationPortraitUpsideDown UIInterfaceOrientationLandscapeLeft UIInterfaceOrientationLandscapeRight";
				INFOPLIST_KEY_UISupportedInterfaceOrientations_iPhone = "UIInterfaceOrientationPortrait UIInterfaceOrientationLandscapeLeft UIInterfaceOrientationLandscapeRight";
				LD_RUNPATH_SEARCH_PATHS = (
					"$(inherited)",
					"@executable_path/Frameworks",
				);
				MARKETING_VERSION = 1.0;
				PRODUCT_BUNDLE_IDENTIFIER = "dias.saiynov-nu.edu.kz.PhyDoc";
				PRODUCT_NAME = "$(TARGET_NAME)";
				SWIFT_EMIT_LOC_STRINGS = YES;
				SWIFT_VERSION = 5.0;
				TARGETED_DEVICE_FAMILY = "1,2";
			};
			name = Debug;
		};
		F5152B7A2ACD5423002E1D80 /* Release */ = {
			isa = XCBuildConfiguration;
			buildSettings = {
				ASSETCATALOG_COMPILER_APPICON_NAME = AppIcon;
				ASSETCATALOG_COMPILER_GLOBAL_ACCENT_COLOR_NAME = AccentColor;
				CODE_SIGN_STYLE = Automatic;
				CURRENT_PROJECT_VERSION = 1;
				DEVELOPMENT_ASSET_PATHS = "\"PhyDoc/Preview Content\"";
				ENABLE_PREVIEWS = YES;
				GENERATE_INFOPLIST_FILE = YES;
				INFOPLIST_KEY_UIApplicationSceneManifest_Generation = YES;
				INFOPLIST_KEY_UIApplicationSupportsIndirectInputEvents = YES;
				INFOPLIST_KEY_UILaunchScreen_Generation = YES;
				INFOPLIST_KEY_UISupportedInterfaceOrientations_iPad = "UIInterfaceOrientationPortrait UIInterfaceOrientationPortraitUpsideDown UIInterfaceOrientationLandscapeLeft UIInterfaceOrientationLandscapeRight";
				INFOPLIST_KEY_UISupportedInterfaceOrientations_iPhone = "UIInterfaceOrientationPortrait UIInterfaceOrientationLandscapeLeft UIInterfaceOrientationLandscapeRight";
				LD_RUNPATH_SEARCH_PATHS = (
					"$(inherited)",
					"@executable_path/Frameworks",
				);
				MARKETING_VERSION = 1.0;
				PRODUCT_BUNDLE_IDENTIFIER = "dias.saiynov-nu.edu.kz.PhyDoc";
				PRODUCT_NAME = "$(TARGET_NAME)";
				SWIFT_EMIT_LOC_STRINGS = YES;
				SWIFT_VERSION = 5.0;
				TARGETED_DEVICE_FAMILY = "1,2";
			};
			name = Release;
		};
/* End XCBuildConfiguration section */

/* Begin XCConfigurationList section */
		F5152B652ACD5421002E1D80 /* Build configuration list for PBXProject "PhyDoc" */ = {
			isa = XCConfigurationList;
			buildConfigurations = (
				F5152B762ACD5423002E1D80 /* Debug */,
				F5152B772ACD5423002E1D80 /* Release */,
			);
			defaultConfigurationIsVisible = 0;
			defaultConfigurationName = Release;
		};
		F5152B782ACD5423002E1D80 /* Build configuration list for PBXNativeTarget "PhyDoc" */ = {
			isa = XCConfigurationList;
			buildConfigurations = (
				F5152B792ACD5423002E1D80 /* Debug */,
				F5152B7A2ACD5423002E1D80 /* Release */,
			);
			defaultConfigurationIsVisible = 0;
			defaultConfigurationName = Release;
		};
/* End XCConfigurationList section */
	};
	rootObject = F5152B622ACD5421002E1D80 /* Project object */;
}
